# This file is automatically @generated by Cargo.
# It is not intended for manual editing.
version = 3

[[package]]
name = "bit"
version = "0.1.1"
source = "registry+https://github.com/rust-lang/crates.io-index"
checksum = "2b645c5c09a7d4035949cfce1a915785aaad6f17800c35fda8a8c311c491f284"

[[package]]
name = "gba_core"
version = "0.1.0"
dependencies = [
 "bit",
]

[[package]]
name = "ui"
version = "0.1.0"
dependencies = [
 "gba_core",
]
